<?xml version="1.0" encoding="utf-8"?>
<Project ToolsVersion="4.0" xmlns="http://schemas.microsoft.com/developer/msbuild/2003">
  <ItemGroup>
    <Filter Include="Source Dateien">
      <UniqueIdentifier>{4FC737F1-C7A5-4376-A066-2A32D752A2FF}</UniqueIdentifier>
      <Extensions>cpp;cxx;c;def</Extensions>
    </Filter>
    <Filter Include="Header Dateien">
      <UniqueIdentifier>{93995380-89BD-4b04-88EB-625FBE52EBFB}</UniqueIdentifier>
      <Extensions>h</Extensions>
    </Filter>
    <Filter Include="Generierte Dateien">
      <UniqueIdentifier>{71ED8ED8-ACB9-4CE9-BBE1-E00B30144E11}</UniqueIdentifier>
      <Extensions>moc;h;cpp</Extensions>
      <SourceControlFiles>False</SourceControlFiles>
    </Filter>
    <Filter Include="Generierte Dateien\Debug">
      <UniqueIdentifier>{cec41611-7058-4573-bff2-353553d7055f}</UniqueIdentifier>
      <Extensions>cpp;moc</Extensions>
      <SourceControlFiles>False</SourceControlFiles>
    </Filter>
    <Filter Include="Generierte Dateien\Release">
      <UniqueIdentifier>{c9144523-e6da-4ca3-afe8-3e21f165dcb7}</UniqueIdentifier>
      <Extensions>cpp;moc</Extensions>
      <SourceControlFiles>False</SourceControlFiles>
    </Filter>
  </ItemGroup>
  <ItemGroup>
    <ClInclude Include="..\..\src\queuepurgeframe.h">
      <Filter>Header Dateien</Filter>
    </ClInclude>
    <ClInclude Include="..\..\src\queuepurgeokframe.h">
      <Filter>Header Dateien</Filter>
    </ClInclude>
    <ClInclude Include="..\..\src\queueunbindframe.h">
      <Filter>Header Dateien</Filter>
    </ClInclude>
    <ClInclude Include="..\..\src\queueunbindokframe.h">
      <Filter>Header Dateien</Filter>
    </ClInclude>
    <ClInclude Include="..\..\src\reducedbuffer.h">
      <Filter>Header Dateien</Filter>
    </ClInclude>
    <ClInclude Include="..\..\src\returnedmessage.h">
      <Filter>Header Dateien</Filter>
    </ClInclude>
    <ClInclude Include="..\..\src\transactioncommitframe.h">
      <Filter>Header Dateien</Filter>
    </ClInclude>
    <ClInclude Include="..\..\src\transactioncommitokframe.h">
      <Filter>Header Dateien</Filter>
    </ClInclude>
    <ClInclude Include="..\..\src\transactionframe.h">
      <Filter>Header Dateien</Filter>
    </ClInclude>
    <ClInclude Include="..\..\src\transactionrollbackframe.h">
      <Filter>Header Dateien</Filter>
    </ClInclude>
    <ClInclude Include="..\..\src\transactionrollbackokframe.h">
      <Filter>Header Dateien</Filter>
    </ClInclude>
    <ClInclude Include="..\..\src\transactionselectframe.h">
      <Filter>Header Dateien</Filter>
    </ClInclude>
    <ClInclude Include="..\..\src\transactionselectokframe.h">
      <Filter>Header Dateien</Filter>
    </ClInclude>
    <ClInclude Include="..\..\src\basicackframe.h">
      <Filter>Header Dateien</Filter>
    </ClInclude>
    <ClInclude Include="..\..\src\basiccancelframe.h">
      <Filter>Header Dateien</Filter>
    </ClInclude>
    <ClInclude Include="..\..\src\basiccancelokframe.h">
      <Filter>Header Dateien</Filter>
    </ClInclude>
    <ClInclude Include="..\..\src\basicconsumeframe.h">
      <Filter>Header Dateien</Filter>
    </ClInclude>
    <ClInclude Include="..\..\src\basicconsumeokframe.h">
      <Filter>Header Dateien</Filter>
    </ClInclude>
    <ClInclude Include="..\..\src\basicdeliverframe.h">
      <Filter>Header Dateien</Filter>
    </ClInclude>
    <ClInclude Include="..\..\src\basicframe.h">
      <Filter>Header Dateien</Filter>
    </ClInclude>
    <ClInclude Include="..\..\src\basicgetemptyframe.h">
      <Filter>Header Dateien</Filter>
    </ClInclude>
    <ClInclude Include="..\..\src\basicgetframe.h">
      <Filter>Header Dateien</Filter>
    </ClInclude>
    <ClInclude Include="..\..\src\basicgetokframe.h">
      <Filter>Header Dateien</Filter>
    </ClInclude>
    <ClInclude Include="..\..\src\basicheaderframe.h">
      <Filter>Header Dateien</Filter>
    </ClInclude>
    <ClInclude Include="..\..\src\basicnackframe.h">
      <Filter>Header Dateien</Filter>
    </ClInclude>
    <ClInclude Include="..\..\src\basicpublishframe.h">
      <Filter>Header Dateien</Filter>
    </ClInclude>
    <ClInclude Include="..\..\src\basicqosframe.h">
      <Filter>Header Dateien</Filter>
    </ClInclude>
    <ClInclude Include="..\..\src\basicqosokframe.h">
      <Filter>Header Dateien</Filter>
    </ClInclude>
    <ClInclude Include="..\..\src\basicrecoverasyncframe.h">
      <Filter>Header Dateien</Filter>
    </ClInclude>
    <ClInclude Include="..\..\src\basicrecoverframe.h">
      <Filter>Header Dateien</Filter>
    </ClInclude>
    <ClInclude Include="..\..\src\basicrecoverokframe.h">
      <Filter>Header Dateien</Filter>
    </ClInclude>
    <ClInclude Include="..\..\src\basicrejectframe.h">
      <Filter>Header Dateien</Filter>
    </ClInclude>
    <ClInclude Include="..\..\src\basicreturnframe.h">
      <Filter>Header Dateien</Filter>
    </ClInclude>
    <ClInclude Include="..\..\src\bodyframe.h">
      <Filter>Header Dateien</Filter>
    </ClInclude>
    <ClInclude Include="..\..\src\channelcloseframe.h">
      <Filter>Header Dateien</Filter>
    </ClInclude>
    <ClInclude Include="..\..\src\channelcloseokframe.h">
      <Filter>Header Dateien</Filter>
    </ClInclude>
    <ClInclude Include="..\..\src\channelflowframe.h">
      <Filter>Header Dateien</Filter>
    </ClInclude>
    <ClInclude Include="..\..\src\channelflowokframe.h">
      <Filter>Header Dateien</Filter>
    </ClInclude>
    <ClInclude Include="..\..\src\channelframe.h">
      <Filter>Header Dateien</Filter>
    </ClInclude>
    <ClInclude Include="..\..\src\channelopenframe.h">
      <Filter>Header Dateien</Filter>
    </ClInclude>
    <ClInclude Include="..\..\src\channelopenokframe.h">
      <Filter>Header Dateien</Filter>
    </ClInclude>
    <ClInclude Include="..\..\src\connectioncloseframe.h">
      <Filter>Header Dateien</Filter>
    </ClInclude>
    <ClInclude Include="..\..\src\connectioncloseokframe.h">
      <Filter>Header Dateien</Filter>
    </ClInclude>
    <ClInclude Include="..\..\src\connectionframe.h">
      <Filter>Header Dateien</Filter>
    </ClInclude>
    <ClInclude Include="..\..\src\connectionopenframe.h">
      <Filter>Header Dateien</Filter>
    </ClInclude>
    <ClInclude Include="..\..\src\connectionopenokframe.h">
      <Filter>Header Dateien</Filter>
    </ClInclude>
    <ClInclude Include="..\..\src\connectionsecureframe.h">
      <Filter>Header Dateien</Filter>
    </ClInclude>
    <ClInclude Include="..\..\src\connectionsecureokframe.h">
      <Filter>Header Dateien</Filter>
    </ClInclude>
    <ClInclude Include="..\..\src\connectionstartframe.h">
      <Filter>Header Dateien</Filter>
    </ClInclude>
    <ClInclude Include="..\..\src\connectionstartokframe.h">
      <Filter>Header Dateien</Filter>
    </ClInclude>
    <ClInclude Include="..\..\src\connectiontuneframe.h">
      <Filter>Header Dateien</Filter>
    </ClInclude>
    <ClInclude Include="..\..\src\connectiontuneokframe.h">
      <Filter>Header Dateien</Filter>
    </ClInclude>
    <ClInclude Include="..\..\src\consumedmessage.h">
      <Filter>Header Dateien</Filter>
    </ClInclude>
    <ClInclude Include="..\..\src\exception.h">
      <Filter>Header Dateien</Filter>
    </ClInclude>
    <ClInclude Include="..\..\src\exchangebindframe.h">
      <Filter>Header Dateien</Filter>
    </ClInclude>
    <ClInclude Include="..\..\src\exchangebindokframe.h">
      <Filter>Header Dateien</Filter>
    </ClInclude>
    <ClInclude Include="..\..\src\exchangedeclareframe.h">
      <Filter>Header Dateien</Filter>
    </ClInclude>
    <ClInclude Include="..\..\src\exchangedeclareokframe.h">
      <Filter>Header Dateien</Filter>
    </ClInclude>
    <ClInclude Include="..\..\src\exchangedeleteframe.h">
      <Filter>Header Dateien</Filter>
    </ClInclude>
    <ClInclude Include="..\..\src\exchangedeleteokframe.h">
      <Filter>Header Dateien</Filter>
    </ClInclude>
    <ClInclude Include="..\..\src\exchangeframe.h">
      <Filter>Header Dateien</Filter>
    </ClInclude>
    <ClInclude Include="..\..\src\exchangeunbindframe.h">
      <Filter>Header Dateien</Filter>
    </ClInclude>
    <ClInclude Include="..\..\src\exchangeunbindokframe.h">
      <Filter>Header Dateien</Filter>
    </ClInclude>
    <ClInclude Include="..\..\src\extframe.h">
      <Filter>Header Dateien</Filter>
    </ClInclude>
    <ClInclude Include="..\..\src\frame.h">
      <Filter>Header Dateien</Filter>
    </ClInclude>
    <ClInclude Include="..\..\src\framecheck.h">
      <Filter>Header Dateien</Filter>
    </ClInclude>
    <ClInclude Include="..\..\src\headerframe.h">
      <Filter>Header Dateien</Filter>
    </ClInclude>
    <ClInclude Include="..\..\src\heartbeatframe.h">
      <Filter>Header Dateien</Filter>
    </ClInclude>
    <ClInclude Include="..\..\src\includes.h">
      <Filter>Header Dateien</Filter>
    </ClInclude>
    <ClInclude Include="..\..\src\messageimpl.h">
      <Filter>Header Dateien</Filter>
    </ClInclude>
    <ClInclude Include="..\..\src\methodframe.h">
      <Filter>Header Dateien</Filter>
    </ClInclude>
    <ClInclude Include="..\..\src\protocolexception.h">
      <Filter>Header Dateien</Filter>
    </ClInclude>
    <ClInclude Include="..\..\src\protocolheaderframe.h">
      <Filter>Header Dateien</Filter>
    </ClInclude>
    <ClInclude Include="..\..\src\queuebindframe.h">
      <Filter>Header Dateien</Filter>
    </ClInclude>
    <ClInclude Include="..\..\src\queuebindokframe.h">
      <Filter>Header Dateien</Filter>
    </ClInclude>
    <ClInclude Include="..\..\src\queuedeclareframe.h">
      <Filter>Header Dateien</Filter>
    </ClInclude>
    <ClInclude Include="..\..\src\queuedeclareokframe.h">
      <Filter>Header Dateien</Filter>
    </ClInclude>
    <ClInclude Include="..\..\src\queuedeleteframe.h">
      <Filter>Header Dateien</Filter>
    </ClInclude>
    <ClInclude Include="..\..\src\queuedeleteokframe.h">
      <Filter>Header Dateien</Filter>
    </ClInclude>
    <ClInclude Include="..\..\src\queueframe.h">
      <Filter>Header Dateien</Filter>
    </ClInclude>
  </ItemGroup>
  <ItemGroup>
    <ClCompile Include="..\..\src\receivedframe.cpp">
      <Filter>Source Dateien</Filter>
    </ClCompile>
    <ClCompile Include="..\..\src\table.cpp">
      <Filter>Source Dateien</Filter>
    </ClCompile>
    <ClCompile Include="..\..\src\watchable.cpp">
      <Filter>Source Dateien</Filter>
    </ClCompile>
    <ClCompile Include="..\..\src\array.cpp">
      <Filter>Source Dateien</Filter>
    </ClCompile>
    <ClCompile Include="..\..\src\channelimpl.cpp">
      <Filter>Source Dateien</Filter>
    </ClCompile>
    <ClCompile Include="..\..\src\connectionimpl.cpp">
      <Filter>Source Dateien</Filter>
    </ClCompile>
    <ClCompile Include="..\..\src\deferredcancel.cpp">
      <Filter>Source Dateien</Filter>
    </ClCompile>
    <ClCompile Include="..\..\src\deferredconsumer.cpp">
      <Filter>Source Dateien</Filter>
    </ClCompile>
    <ClCompile Include="..\..\src\deferredget.cpp">
      <Filter>Source Dateien</Filter>
    </ClCompile>
    <ClCompile Include="..\..\src\field.cpp">
      <Filter>Source Dateien</Filter>
    </ClCompile>
    <ClCompile Include="..\..\src\flags.cpp">
      <Filter>Source Dateien</Filter>
    </ClCompile>
  </ItemGroup>
</Project>